<?xml version="1.0" encoding="utf-8"?>
<Project ToolsVersion="4.0" xmlns="http://schemas.microsoft.com/developer/msbuild/2003">
  <ItemGroup>
    <Filter Include="source">
      <UniqueIdentifier>{4FC737F1-C7A5-4376-A066-2A32D752A2FF}</UniqueIdentifier>
      <Extensions>cpp;c;cc;cxx;def;odl;idl;hpj;bat;asm;asmx</Extensions>
    </Filter>
    <Filter Include="resource">
      <UniqueIdentifier>{67DA6AB6-F800-4c08-8B7A-83BB121AAD01}</UniqueIdentifier>
      <Extensions>rc;ico;cur;bmp;dlg;rc2;rct;bin;rgs;gif;jpg;jpeg;jpe;resx;tiff;tif;png;wav;mfcribbon-ms</Extensions>
    </Filter>
    <Filter Include="incude">
      <UniqueIdentifier>{93995380-89BD-4b04-88EB-625FBE52EBFB}</UniqueIdentifier>
      <Extensions>h;hpp;hxx;hm;inl;inc;xsd</Extensions>
    </Filter>
    <Filter Include="source\parse_script">
      <UniqueIdentifier>{349f15e4-3668-41e2-88e2-22c2366a40bd}</UniqueIdentifier>
    </Filter>
    <Filter Include="incude\tinyxml">
      <UniqueIdentifier>{2e1a5961-99d4-4762-ba11-3eaa88b7aebc}</UniqueIdentifier>
    </Filter>
    <Filter Include="source\parse_script\control_object">
      <UniqueIdentifier>{42daa3c1-bb90-4d86-a647-4d93921b837a}</UniqueIdentifier>
    </Filter>
    <Filter Include="source\html">
      <UniqueIdentifier>{320470d5-c935-4711-8408-5d1d121fea9a}</UniqueIdentifier>
    </Filter>
    <Filter Include="source\css">
      <UniqueIdentifier>{983e4b3e-c3ab-4e89-95c0-e47c0a5534bd}</UniqueIdentifier>
    </Filter>
    <Filter Include="source\draw">
      <UniqueIdentifier>{e6926d97-bf5c-4c11-a097-22f5b69192f9}</UniqueIdentifier>
    </Filter>
    <Filter Include="source\unite">
      <UniqueIdentifier>{a9ad346c-7b5a-4af6-aba8-129f22f66bdc}</UniqueIdentifier>
    </Filter>
    <Filter Include="source\draw\draw_object">
      <UniqueIdentifier>{36e42fcd-d9f0-4f4a-81ba-992cbe9b335b}</UniqueIdentifier>
    </Filter>
    <Filter Include="source\draw\draw_engine">
      <UniqueIdentifier>{abaaea71-ec09-4c84-b076-aeea6c2e7e54}</UniqueIdentifier>
    </Filter>
    <Filter Include="source\tool">
      <UniqueIdentifier>{ab2f2355-b090-4b24-945f-92c1ab1b634b}</UniqueIdentifier>
    </Filter>
  </ItemGroup>
  <ItemGroup>
    <Text Include="ReadMe.txt" />
  </ItemGroup>
  <ItemGroup>
    <ClInclude Include="resource.h">
      <Filter>source</Filter>
    </ClInclude>
    <ClInclude Include="stdafx.h">
      <Filter>source</Filter>
    </ClInclude>
    <ClInclude Include="targetver.h">
      <Filter>source</Filter>
    </ClInclude>
    <ClInclude Include="tideui.h">
      <Filter>source</Filter>
    </ClInclude>
    <ClInclude Include="..\..\..\..\include\tinyxml\tinyxml.h">
      <Filter>incude\tinyxml</Filter>
    </ClInclude>
    <ClInclude Include="parse_script\interface_freedom_script.h">
      <Filter>source\parse_script</Filter>
    </ClInclude>
    <ClInclude Include="parse_script\freedom_script.h">
      <Filter>source\parse_script</Filter>
    </ClInclude>
    <ClInclude Include="parse_script\freedom_control_object.h">
      <Filter>source\parse_script\control_object</Filter>
    </ClInclude>
    <ClInclude Include="parse_script\freedom_control_object_title.h">
      <Filter>source\parse_script\control_object</Filter>
    </ClInclude>
    <ClInclude Include="parse_script\freedom_control_object_base.h">
      <Filter>source\parse_script\control_object</Filter>
    </ClInclude>
    <ClInclude Include="parse_script\freedom_control_object_script.h">
      <Filter>source\parse_script\control_object</Filter>
    </ClInclude>
    <ClInclude Include="parse_script\freedom_control_object_style.h">
      <Filter>source\parse_script\control_object</Filter>
    </ClInclude>
    <ClInclude Include="parse_script\freedom_control_object_h1.h">
      <Filter>source\parse_script\control_object</Filter>
    </ClInclude>
    <ClInclude Include="parse_script\freedom_control_object_h2.h">
      <Filter>source\parse_script\control_object</Filter>
    </ClInclude>
    <ClInclude Include="parse_script\freedom_control_object_h3.h">
      <Filter>source\parse_script\control_object</Filter>
    </ClInclude>
    <ClInclude Include="parse_script\freedom_control_object_h4.h">
      <Filter>source\parse_script\control_object</Filter>
    </ClInclude>
    <ClInclude Include="parse_script\freedom_control_object_h5.h">
      <Filter>source\parse_script\control_object</Filter>
    </ClInclude>
    <ClInclude Include="parse_script\freedom_control_object_h6.h">
      <Filter>source\parse_script\control_object</Filter>
    </ClInclude>
    <ClInclude Include="parse_script\freedom_control_object_p.h">
      <Filter>source\parse_script\control_object</Filter>
    </ClInclude>
    <ClInclude Include="html_parse.h">
      <Filter>source\html</Filter>
    </ClInclude>
    <ClInclude Include="html_object.h">
      <Filter>source\html</Filter>
    </ClInclude>
    <ClInclude Include="css_parse.h">
      <Filter>source\css</Filter>
    </ClInclude>
    <ClInclude Include="css_object.h">
      <Filter>source\css</Filter>
    </ClInclude>
    <ClInclude Include="css_name.h">
      <Filter>source\css</Filter>
    </ClInclude>
    <ClInclude Include="define.h">
      <Filter>source\unite</Filter>
    </ClInclude>
    <ClInclude Include="interface_draw_object.h">
      <Filter>source\draw\draw_object</Filter>
    </ClInclude>
    <ClInclude Include="draw_object_factory.h">
      <Filter>source\draw\draw_object</Filter>
    </ClInclude>
    <ClInclude Include="draw_head.h">
      <Filter>source\draw\draw_object</Filter>
    </ClInclude>
    <ClInclude Include="draw_html.h">
      <Filter>source\draw</Filter>
    </ClInclude>
    <ClInclude Include="interface_draw.h">
      <Filter>source\draw\draw_engine</Filter>
    </ClInclude>
    <ClInclude Include="gdi_plus_draw.h">
      <Filter>source\draw\draw_engine</Filter>
    </ClInclude>
    <ClInclude Include="directx9_draw.h">
      <Filter>source\draw\draw_engine</Filter>
    </ClInclude>
    <ClInclude Include="css_arribute.h">
      <Filter>source\css</Filter>
    </ClInclude>
  </ItemGroup>
  <ItemGroup>
    <ClCompile Include="stdafx.cpp">
      <Filter>source</Filter>
    </ClCompile>
    <ClCompile Include="main.cpp">
      <Filter>source</Filter>
    </ClCompile>
    <ClCompile Include="..\..\..\..\include\tinyxml\tinyxml.cpp">
      <Filter>incude\tinyxml</Filter>
    </ClCompile>
    <ClCompile Include="..\..\..\..\include\tinyxml\tinyxmlerror.cpp">
      <Filter>incude\tinyxml</Filter>
    </ClCompile>
    <ClCompile Include="..\..\..\..\include\tinyxml\tinyxmlparser.cpp">
      <Filter>incude\tinyxml</Filter>
    </ClCompile>
    <ClCompile Include="parse_script\freedom_script.cpp">
      <Filter>source\parse_script</Filter>
    </ClCompile>
    <ClCompile Include="html_parse.cpp">
      <Filter>source\html</Filter>
    </ClCompile>
    <ClCompile Include="html_object.cpp">
      <Filter>source\html</Filter>
    </ClCompile>
    <ClCompile Include="css_parse.cpp">
      <Filter>source\css</Filter>
    </ClCompile>
    <ClCompile Include="draw_html.cpp">
      <Filter>source\draw</Filter>
    </ClCompile>
    <ClCompile Include="directx9_draw.cpp">
      <Filter>source\draw\draw_engine</Filter>
    </ClCompile>
    <ClCompile Include="gdi_plus_draw.cpp">
      <Filter>source\draw\draw_engine</Filter>
    </ClCompile>
    <ClCompile Include="css_arribute.cpp">
      <Filter>source\css</Filter>
    </ClCompile>
  </ItemGroup>
  <ItemGroup>
    <ResourceCompile Include="tideui.rc">
      <Filter>resource</Filter>
    </ResourceCompile>
  </ItemGroup>
  <ItemGroup>
    <Image Include="small.ico">
      <Filter>resource</Filter>
    </Image>
    <Image Include="tideui.ico">
      <Filter>resource</Filter>
    </Image>
  </ItemGroup>
</Project>